# This file is generated by running "yarn install" inside your project.
# Manual changes might be lost - proceed with caution!

__metadata:
  version: 6
  cacheKey: 8

"board-game-rental-app@workspace:.":
  version: 0.0.0-use.local
  resolution: "board-game-rental-app@workspace:."
  dependencies:
    typescript: ^5.8.3
  languageName: unknown
  linkType: soft

"typescript@npm:^5.8.3":
  version: 5.8.3
  resolution: "typescript@npm:5.8.3"
  bin:
    tsc: bin/tsc
    tsserver: bin/tsserver
  checksum: cb1d081c889a288b962d3c8ae18d337ad6ee88a8e81ae0103fa1fecbe923737f3ba1dbdb3e6d8b776c72bc73bfa6d8d850c0306eed1a51377d2fccdfd75d92c4
  languageName: node
  linkType: hard

"typescript@patch:typescript@^5.8.3#~builtin<compat/typescript>":
  version: 5.8.3
  resolution: "typescript@patch:typescript@npm%3A5.8.3#~builtin<compat/typescript>::version=5.8.3&hash=29ae49"
  bin:
    tsc: bin/tsc
    tsserver: bin/tsserver
  checksum: 1b503525a88ff0ff5952e95870971c4fb2118c17364d60302c21935dedcd6c37e6a0a692f350892bafcef6f4a16d09073fe461158547978d2f16fbe4cb18581c
  languageName: node
  linkType: hard
